
Microsoft Visual Studio Solution File, Format Version 12.00
# Visual Studio Version 17
VisualStudioVersion = 17.8.34511.84
MinimumVisualStudioVersion = 10.0.40219.1
Project("{9A19103F-16F7-4668-BE54-9A1E7A4F7556}") = "Zoo Assignment", "Zoo Assignment\Zoo Assignment.csproj", "{E9F42BA7-2681-43DD-B2B7-AD58D43DB5F1}"
EndProject
Project("{FAE04EC0-301F-11D3-BF4B-00C04F79EFBC}") = "Company", "Company\Company.csproj", "{2F24DF31-5968-46C0-8957-1413BDEB30E9}"
EndProject
Global
	GlobalSection(SolutionConfigurationPlatforms) = preSolution
		Debug|Any CPU = Debug|Any CPU
		Release|Any CPU = Release|Any CPU
	EndGlobalSection
	GlobalSection(ProjectConfigurationPlatforms) = postSolution
		{E9F42BA7-2681-43DD-B2B7-AD58D43DB5F1}.Debug|Any CPU.ActiveCfg = Debug|Any CPU
		{E9F42BA7-2681-43DD-B2B7-AD58D43DB5F1}.Debug|Any CPU.Build.0 = Debug|Any CPU
		{E9F42BA7-2681-43DD-B2B7-AD58D43DB5F1}.Release|Any CPU.ActiveCfg = Release|Any CPU
		{E9F42BA7-2681-43DD-B2B7-AD58D43DB5F1}.Release|Any CPU.Build.0 = Release|Any CPU
		{2F24DF31-5968-46C0-8957-1413BDEB30E9}.Debug|Any CPU.ActiveCfg = Debug|Any CPU
		{2F24DF31-5968-46C0-8957-1413BDEB30E9}.Debug|Any CPU.Build.0 = Debug|Any CPU
		{2F24DF31-5968-46C0-8957-1413BDEB30E9}.Release|Any CPU.ActiveCfg = Release|Any CPU
		{2F24DF31-5968-46C0-8957-1413BDEB30E9}.Release|Any CPU.Build.0 = Release|Any CPU
	EndGlobalSection
	GlobalSection(SolutionProperties) = preSolution
		HideSolutionNode = FALSE
	EndGlobalSection
	GlobalSection(ExtensibilityGlobals) = postSolution
		SolutionGuid = {516A2756-678B-496A-BBA3-1287511FDD27}
	EndGlobalSection
EndGlobal
